// !$*UTF8*$!
{
	archiveVersion = 1;
	classes = {
	};
	objectVersion = 55;
	objects = {

/* Begin PBXBuildFile section */
		C1C956BF2807B0D000CFFBEA /* AppDelegate.m in Sources */ = {isa = PBXBuildFile; fileRef = C1C956BE2807B0D000CFFBEA /* AppDelegate.m */; };
		C1C956C22807B0D000CFFBEA /* SceneDelegate.m in Sources */ = {isa = PBXBuildFile; fileRef = C1C956C12807B0D000CFFBEA /* SceneDelegate.m */; };
		C1C956C52807B0D000CFFBEA /* ViewController.m in Sources */ = {isa = PBXBuildFile; fileRef = C1C956C42807B0D000CFFBEA /* ViewController.m */; };
		C1C956C82807B0D000CFFBEA /* Main.storyboard in Resources */ = {isa = PBXBuildFile; fileRef = C1C956C62807B0D000CFFBEA /* Main.storyboard */; };
		C1C956CA2807B0D300CFFBEA /* Assets.xcassets in Resources */ = {isa = PBXBuildFile; fileRef = C1C956C92807B0D300CFFBEA /* Assets.xcassets */; };
		C1C956CD2807B0D300CFFBEA /* LaunchScreen.storyboard in Resources */ = {isa = PBXBuildFile; fileRef = C1C956CB2807B0D300CFFBEA /* LaunchScreen.storyboard */; };
		C1C956D02807B0D300CFFBEA /* main.m in Sources */ = {isa = PBXBuildFile; fileRef = C1C956CF2807B0D300CFFBEA /* main.m */; };
/* End PBXBuildFile section */

/* Begin PBXFileReference section */
		C1C956BA2807B0D000CFFBEA /* ZbwSwiftProjet.app */ = {isa = PBXFileReference; explicitFileType = wrapper.application; includeInIndex = 0; path = ZbwSwiftProjet.app; sourceTree = BUILT_PRODUCTS_DIR; };
		C1C956BD2807B0D000CFFBEA /* AppDelegate.h */ = {isa = PBXFileReference; lastKnownFileType = sourcecode.c.h; path = AppDelegate.h; sourceTree = "<group>"; };
		C1C956BE2807B0D000CFFBEA /* AppDelegate.m */ = {isa = PBXFileReference; lastKnownFileType = sourcecode.c.objc; path = AppDelegate.m; sourceTree = "<group>"; };
		C1C956C02807B0D000CFFBEA /* SceneDelegate.h */ = {isa = PBXFileReference; lastKnownFileType = sourcecode.c.h; path = SceneDelegate.h; sourceTree = "<group>"; };
		C1C956C12807B0D000CFFBEA /* SceneDelegate.m */ = {isa = PBXFileReference; lastKnownFileType = sourcecode.c.objc; path = SceneDelegate.m; sourceTree = "<group>"; };
		C1C956C32807B0D000CFFBEA /* ViewController.h */ = {isa = PBXFileReference; lastKnownFileType = sourcecode.c.h; path = ViewController.h; sourceTree = "<group>"; };
		C1C956C42807B0D000CFFBEA /* ViewController.m */ = {isa = PBXFileReference; lastKnownFileType = sourcecode.c.objc; path = ViewController.m; sourceTree = "<group>"; };
		C1C956C72807B0D000CFFBEA /* Base */ = {isa = PBXFileReference; lastKnownFileType = file.storyboard; name = Base; path = Base.lproj/Main.storyboard; sourceTree = "<group>"; };
		C1C956C92807B0D300CFFBEA /* Assets.xcassets */ = {isa = PBXFileReference; lastKnownFileType = folder.assetcatalog; path = Assets.xcassets; sourceTree = "<group>"; };
		C1C956CC2807B0D300CFFBEA /* Base */ = {isa = PBXFileReference; lastKnownFileType = file.storyboard; name = Base; path = Base.lproj/LaunchScreen.storyboard; sourceTree = "<group>"; };
		C1C956CE2807B0D300CFFBEA /* Info.plist */ = {isa = PBXFileReference; lastKnownFileType = text.plist.xml; path = Info.plist; sourceTree = "<group>"; };
		C1C956CF2807B0D300CFFBEA /* main.m */ = {isa = PBXFileReference; lastKnownFileType = sourcecode.c.objc; path = main.m; sourceTree = "<group>"; };
/* End PBXFileReference section */

/* Begin PBXFrameworksBuildPhase section */
		C1C956B72807B0D000CFFBEA /* Frameworks */ = {
			isa = PBXFrameworksBuildPhase;
			buildActionMask = 2147483647;
			files = (
			);
			runOnlyForDeploymentPostprocessing = 0;
		};
/* End PBXFrameworksBuildPhase section */

/* Begin PBXGroup section */
		C1C956B12807B0D000CFFBEA = {
			isa = PBXGroup;
			children = (
				C1C956BC2807B0D000CFFBEA /* ZbwSwiftProjet */,
				C1C956BB2807B0D000CFFBEA /* Products */,
			);
			sourceTree = "<group>";
		};
		C1C956BB2807B0D000CFFBEA /* Products */ = {
			isa = PBXGroup;
			children = (
				C1C956BA2807B0D000CFFBEA /* ZbwSwiftProjet.app */,
			);
			name = Products;
			sourceTree = "<group>";
		};
		C1C956BC2807B0D000CFFBEA /* ZbwSwiftProjet */ = {
			isa = PBXGroup;
			children = (
				C1C956BD2807B0D000CFFBEA /* AppDelegate.h */,
				C1C956BE2807B0D000CFFBEA /* AppDelegate.m */,
				C1C956C02807B0D000CFFBEA /* SceneDelegate.h */,
				C1C956C12807B0D000CFFBEA /* SceneDelegate.m */,
				C1C956C32807B0D000CFFBEA /* ViewController.h */,
				C1C956C42807B0D000CFFBEA /* ViewController.m */,
				C1C956C62807B0D000CFFBEA /* Main.storyboard */,
				C1C956C92807B0D300CFFBEA /* Assets.xcassets */,
				C1C956CB2807B0D300CFFBEA /* LaunchScreen.storyboard */,
				C1C956CE2807B0D300CFFBEA /* Info.plist */,
				C1C956CF2807B0D300CFFBEA /* main.m */,
			);
			path = ZbwSwiftProjet;
			sourceTree = "<group>";
		};
/* End PBXGroup section */

/* Begin PBXNativeTarget section */
		C1C956B92807B0D000CFFBEA /* ZbwSwiftProjet */ = {
			isa = PBXNativeTarget;
			buildConfigurationList = C1C956D32807B0D300CFFBEA /* Build configuration list for PBXNativeTarget "ZbwSwiftProjet" */;
			buildPhases = (
				C1C956B62807B0D000CFFBEA /* Sources */,
				C1C956B72807B0D000CFFBEA /* Frameworks */,
				C1C956B82807B0D000CFFBEA /* Resources */,
			);
			buildRules = (
			);
			dependencies = (
			);
			name = ZbwSwiftProjet;
			productName = ZbwSwiftProjet;
			productReference = C1C956BA2807B0D000CFFBEA /* ZbwSwiftProjet.app */;
			productType = "com.apple.product-type.application";
		};
/* End PBXNativeTarget section */

/* Begin PBXProject section */
		C1C956B22807B0D000CFFBEA /* Project object */ = {
			isa = PBXProject;
			attributes = {
				BuildIndependentTargetsInParallel = 1;
				LastUpgradeCheck = 1330;
				TargetAttributes = {
					C1C956B92807B0D000CFFBEA = {
						CreatedOnToolsVersion = 13.3;
					};
				};
			};
			buildConfigurationList = C1C956B52807B0D000CFFBEA /* Build configuration list for PBXProject "ZbwSwiftProjet" */;
			compatibilityVersion = "Xcode 13.0";
			developmentRegion = en;
			hasScannedForEncodings = 0;
			knownRegions = (
				en,
				Base,
			);
			mainGroup = C1C956B12807B0D000CFFBEA;
			productRefGroup = C1C956BB2807B0D000CFFBEA /* Products */;
			projectDirPath = "";
			projectRoot = "";
			targets = (
				C1C956B92807B0D000CFFBEA /* ZbwSwiftProjet */,
			);
		};
/* End PBXProject section */

/* Begin PBXResourcesBuildPhase section */
		C1C956B82807B0D000CFFBEA /* Resources */ = {
			isa = PBXResourcesBuildPhase;
			buildActionMask = 2147483647;
			files = (
				C1C956CD2807B0D300CFFBEA /* LaunchScreen.storyboard in Resources */,
				C1C956CA2807B0D300CFFBEA /* Assets.xcassets in Resources */,
				C1C956C82807B0D000CFFBEA /* Main.storyboard in Resources */,
			);
			runOnlyForDeploymentPostprocessing = 0;
		};
/* End PBXResourcesBuildPhase section */

/* Begin PBXSourcesBuildPhase section */
		C1C956B62807B0D000CFFBEA /* Sources */ = {
			isa = PBXSourcesBuildPhase;
			buildActionMask = 2147483647;
			files = (
				C1C956C52807B0D000CFFBEA /* ViewController.m in Sources */,
				C1C956BF2807B0D000CFFBEA /* AppDelegate.m in Sources */,
				C1C956D02807B0D300CFFBEA /* main.m in Sources */,
				C1C956C22807B0D000CFFBEA /* SceneDelegate.m in Sources */,
			);
			runOnlyForDeploymentPostprocessing = 0;
		};
/* End PBXSourcesBuildPhase section */

/* Begin PBXVariantGroup section */
		C1C956C62807B0D000CFFBEA /* Main.storyboard */ = {
			isa = PBXVariantGroup;
			children = (
				C1C956C72807B0D000CFFBEA /* Base */,
			);
			name = Main.storyboard;
			sourceTree = "<group>";
		};
		C1C956CB2807B0D300CFFBEA /* LaunchScreen.storyboard */ = {
			isa = PBXVariantGroup;
			children = (
				C1C956CC2807B0D300CFFBEA /* Base */,
			);
			name = LaunchScreen.storyboard;
			sourceTree = "<group>";
		};
/* End PBXVariantGroup section */

/* Begin XCBuildConfiguration section */
		C1C956D12807B0D300CFFBEA /* Debug */ = {
			isa = XCBuildConfiguration;
			buildSettings = {
				ALWAYS_SEARCH_USER_PATHS = NO;
				CLANG_ANALYZER_NONNULL = YES;
				CLANG_ANALYZER_NUMBER_OBJECT_CONVERSION = YES_AGGRESSIVE;
				CLANG_CXX_LANGUAGE_STANDARD = "gnu++17";
				CLANG_ENABLE_MODULES = YES;
				CLANG_ENABLE_OBJC_ARC = YES;
				CLANG_ENABLE_OBJC_WEAK = YES;
				CLANG_WARN_BLOCK_CAPTURE_AUTORELEASING = YES;
				CLANG_WARN_BOOL_CONVERSION = YES;
				CLANG_WARN_COMMA = YES;
				CLANG_WARN_CONSTANT_CONVERSION = YES;
				CLANG_WARN_DEPRECATED_OBJC_IMPLEMENTATIONS = YES;
				CLANG_WARN_DIRECT_OBJC_ISA_USAGE = YES_ERROR;
				CLANG_WARN_DOCUMENTATION_COMMENTS = YES;
				CLANG_WARN_EMPTY_BODY = YES;
				CLANG_WARN_ENUM_CONVERSION = YES;
				CLANG_WARN_INFINITE_RECURSION = YES;
				CLANG_WARN_INT_CONVERSION = YES;
				CLANG_WARN_NON_LITERAL_NULL_CONVERSION = YES;
				CLANG_WARN_OBJC_IMPLICIT_RETAIN_SELF = YES;
				CLANG_WARN_OBJC_LITERAL_CONVERSION = YES;
				CLANG_WARN_OBJC_ROOT_CLASS = YES_ERROR;
				CLANG_WARN_QUOTED_INCLUDE_IN_FRAMEWORK_HEADER = YES;
				CLANG_WARN_RANGE_LOOP_ANALYSIS = YES;
				CLANG_WARN_STRICT_PROTOTYPES = YES;
				CLANG_WARN_SUSPICIOUS_MOVE = YES;
				CLANG_WARN_UNGUARDED_AVAILABILITY = YES_AGGRESSIVE;
				CLANG_WARN_UNREACHABLE_CODE = YES;
				CLANG_WARN__DUPLICATE_METHOD_MATCH = YES;
				COPY_PHASE_STRIP = NO;
				DEBUG_INFORMATION_FORMAT = dwarf;
				ENABLE_STRICT_OBJC_MSGSEND = YES;
				ENABLE_TESTABILITY = YES;
				GCC_C_LANGUAGE_STANDARD = gnu11;
				GCC_DYNAMIC_NO_PIC = NO;
				GCC_NO_COMMON_BLOCKS = YES;
				GCC_OPTIMIZATION_LEVEL = 0;
				GCC_PREPROCESSOR_DEFINITIONS = (
					"DEBUG=1",
					"$(inherited)",
				);
				GCC_WARN_64_TO_32_BIT_CONVERSION = YES;
				GCC_WARN_ABOUT_RETURN_TYPE = YES_ERROR;
				GCC_WARN_UNDECLARED_SELECTOR = YES;
				GCC_WARN_UNINITIALIZED_AUTOS = YES_AGGRESSIVE;
				GCC_WARN_UNUSED_FUNCTION = YES;
				GCC_WARN_UNUSED_VARIABLE = YES;
				IPHONEOS_DEPLOYMENT_TARGET = 15.4;
				MTL_ENABLE_DEBUG_INFO = INCLUDE_SOURCE;
				MTL_FAST_MATH = YES;
				ONLY_ACTIVE_ARCH = YES;
				SDKROOT = iphoneos;
			};
			name = Debug;
		};
		C1C956D22807B0D300CFFBEA /* Release */ = {
			isa = XCBuildConfiguration;
			buildSettings = {
				ALWAYS_SEARCH_USER_PATHS = NO;
				CLANG_ANALYZER_NONNULL = YES;
				CLANG_ANALYZER_NUMBER_OBJECT_CONVERSION = YES_AGGRESSIVE;
				CLANG_CXX_LANGUAGE_STANDARD = "gnu++17";
				CLANG_ENABLE_MODULES = YES;
				CLANG_ENABLE_OBJC_ARC = YES;
				CLANG_ENABLE_OBJC_WEAK = YES;
				CLANG_WARN_BLOCK_CAPTURE_AUTORELEASING = YES;
				CLANG_WARN_BOOL_CONVERSION = YES;
				CLANG_WARN_COMMA = YES;
				CLANG_WARN_CONSTANT_CONVERSION = YES;
				CLANG_WARN_DEPRECATED_OBJC_IMPLEMENTATIONS = YES;
				CLANG_WARN_DIRECT_OBJC_ISA_USAGE = YES_ERROR;
				CLANG_WARN_DOCUMENTATION_COMMENTS = YES;
				CLANG_WARN_EMPTY_BODY = YES;
				CLANG_WARN_ENUM_CONVERSION = YES;
				CLANG_WARN_INFINITE_RECURSION = YES;
				CLANG_WARN_INT_CONVERSION = YES;
				CLANG_WARN_NON_LITERAL_NULL_CONVERSION = YES;
				CLANG_WARN_OBJC_IMPLICIT_RETAIN_SELF = YES;
				CLANG_WARN_OBJC_LITERAL_CONVERSION = YES;
				CLANG_WARN_OBJC_ROOT_CLASS = YES_ERROR;
				CLANG_WARN_QUOTED_INCLUDE_IN_FRAMEWORK_HEADER = YES;
				CLANG_WARN_RANGE_LOOP_ANALYSIS = YES;
				CLANG_WARN_STRICT_PROTOTYPES = YES;
				CLANG_WARN_SUSPICIOUS_MOVE = YES;
				CLANG_WARN_UNGUARDED_AVAILABILITY = YES_AGGRESSIVE;
				CLANG_WARN_UNREACHABLE_CODE = YES;
				CLANG_WARN__DUPLICATE_METHOD_MATCH = YES;
				COPY_PHASE_STRIP = NO;
				DEBUG_INFORMATION_FORMAT = "dwarf-with-dsym";
				ENABLE_NS_ASSERTIONS = NO;
				ENABLE_STRICT_OBJC_MSGSEND = YES;
				GCC_C_LANGUAGE_STANDARD = gnu11;
				GCC_NO_COMMON_BLOCKS = YES;
				GCC_WARN_64_TO_32_BIT_CONVERSION = YES;
				GCC_WARN_ABOUT_RETURN_TYPE = YES_ERROR;
				GCC_WARN_UNDECLARED_SELECTOR = YES;
				GCC_WARN_UNINITIALIZED_AUTOS = YES_AGGRESSIVE;
				GCC_WARN_UNUSED_FUNCTION = YES;
				GCC_WARN_UNUSED_VARIABLE = YES;
				IPHONEOS_DEPLOYMENT_TARGET = 15.4;
				MTL_ENABLE_DEBUG_INFO = NO;
				MTL_FAST_MATH = YES;
				SDKROOT = iphoneos;
				VALIDATE_PRODUCT = YES;
			};
			name = Release;
		};
		C1C956D42807B0D300CFFBEA /* Debug */ = {
			isa = XCBuildConfiguration;
			buildSettings = {
				ASSETCATALOG_COMPILER_APPICON_NAME = AppIcon;
				ASSETCATALOG_COMPILER_GLOBAL_ACCENT_COLOR_NAME = AccentColor;
				CODE_SIGN_STYLE = Automatic;
				CURRENT_PROJECT_VERSION = 1;
				GENERATE_INFOPLIST_FILE = YES;
				INFOPLIST_FILE = ZbwSwiftProjet/Info.plist;
				INFOPLIST_KEY_UIApplicationSupportsIndirectInputEvents = YES;
				INFOPLIST_KEY_UILaunchStoryboardName = LaunchScreen;
				INFOPLIST_KEY_UIMainStoryboardFile = Main;
				INFOPLIST_KEY_UISupportedInterfaceOrientations_iPad = "UIInterfaceOrientationPortrait UIInterfaceOrientationPortraitUpsideDown UIInterfaceOrientationLandscapeLeft UIInterfaceOrientationLandscapeRight";
				INFOPLIST_KEY_UISupportedInterfaceOrientations_iPhone = "UIInterfaceOrientationPortrait UIInterfaceOrientationLandscapeLeft UIInterfaceOrientationLandscapeRight";
				LD_RUNPATH_SEARCH_PATHS = (
					"$(inherited)",
					"@executable_path/Frameworks",
				);
				MARKETING_VERSION = 1.0;
				PRODUCT_BUNDLE_IDENTIFIER = com.zbwTestWildcard.ZbwSwiftProjet;
				PRODUCT_NAME = "$(TARGET_NAME)";
				SWIFT_EMIT_LOC_STRINGS = YES;
				TARGETED_DEVICE_FAMILY = "1,2";
			};
			name = Debug;
		};
		C1C956D52807B0D300CFFBEA /* Release */ = {
			isa = XCBuildConfiguration;
			buildSettings = {
				ASSETCATALOG_COMPILER_APPICON_NAME = AppIcon;
				ASSETCATALOG_COMPILER_GLOBAL_ACCENT_COLOR_NAME = AccentColor;
				CODE_SIGN_STYLE = Automatic;
				CURRENT_PROJECT_VERSION = 1;
				GENERATE_INFOPLIST_FILE = YES;
				INFOPLIST_FILE = ZbwSwiftProjet/Info.plist;
				INFOPLIST_KEY_UIApplicationSupportsIndirectInputEvents = YES;
				INFOPLIST_KEY_UILaunchStoryboardName = LaunchScreen;
				INFOPLIST_KEY_UIMainStoryboardFile = Main;
				INFOPLIST_KEY_UISupportedInterfaceOrientations_iPad = "UIInterfaceOrientationPortrait UIInterfaceOrientationPortraitUpsideDown UIInterfaceOrientationLandscapeLeft UIInterfaceOrientationLandscapeRight";
				INFOPLIST_KEY_UISupportedInterfaceOrientations_iPhone = "UIInterfaceOrientationPortrait UIInterfaceOrientationLandscapeLeft UIInterfaceOrientationLandscapeRight";
				LD_RUNPATH_SEARCH_PATHS = (
					"$(inherited)",
					"@executable_path/Frameworks",
				);
				MARKETING_VERSION = 1.0;
				PRODUCT_BUNDLE_IDENTIFIER = com.zbwTestWildcard.ZbwSwiftProjet;
				PRODUCT_NAME = "$(TARGET_NAME)";
				SWIFT_EMIT_LOC_STRINGS = YES;
				TARGETED_DEVICE_FAMILY = "1,2";
			};
			name = Release;
		};
/* End XCBuildConfiguration section */

/* Begin XCConfigurationList section */
		C1C956B52807B0D000CFFBEA /* Build configuration list for PBXProject "ZbwSwiftProjet" */ = {
			isa = XCConfigurationList;
			buildConfigurations = (
				C1C956D12807B0D300CFFBEA /* Debug */,
				C1C956D22807B0D300CFFBEA /* Release */,
			);
			defaultConfigurationIsVisible = 0;
			defaultConfigurationName = Release;
		};
		C1C956D32807B0D300CFFBEA /* Build configuration list for PBXNativeTarget "ZbwSwiftProjet" */ = {
			isa = XCConfigurationList;
			buildConfigurations = (
				C1C956D42807B0D300CFFBEA /* Debug */,
				C1C956D52807B0D300CFFBEA /* Release */,
			);
			defaultConfigurationIsVisible = 0;
			defaultConfigurationName = Release;
		};
/* End XCConfigurationList section */
	};
	rootObject = C1C956B22807B0D000CFFBEA /* Project object */;
}
